PODS:
  - BMPageViewController (1.0.0)
  - Bolts (1.2.0):
    - Bolts/AppLinks (= 1.2.0)
    - Bolts/Tasks (= 1.2.0)
  - Bolts/AppLinks (1.2.0):
    - Bolts/Tasks
  - Bolts/Tasks (1.2.0)
  - ConvenienceKit (0.2.0)
  - Facebook-iOS-SDK (3.23.2):
    - Bolts (~> 1.0)
  - FBSDKCoreKit (4.4.0):
    - Bolts (~> 1.1)
    - FBSDKCoreKit/arc (= 4.4.0)
    - FBSDKCoreKit/no-arc (= 4.4.0)
  - FBSDKCoreKit/arc (4.4.0):
    - Bolts (~> 1.1)
  - FBSDKCoreKit/no-arc (4.4.0):
    - Bolts (~> 1.1)
    - FBSDKCoreKit/arc
  - FBSDKLoginKit (4.4.0):
    - FBSDKCoreKit
  - GooglePlacesAutocomplete (0.3.0)
  - JLPDFGenerator (1.0)
  - Parse (1.7.5.3):
    - Bolts/Tasks (>= 1.2.0)
  - ParseFacebookUtils (1.7.5.3):
    - Bolts/Tasks (>= 1.2.0)
    - Facebook-iOS-SDK (~> 3.23)
    - Parse (~> 1.7.5.3)
  - ParseUI (1.1.4):
    - Parse (~> 1.7)
  - PaymentKit (1.1.1)
  - PBJVision (0.4.2)
  - Stripe (5.0.0):
    - Stripe/Core (= 5.0.0)
  - Stripe/ApplePay (5.0.0):
    - Stripe/Core
  - Stripe/Core (5.0.0)

DEPENDENCIES:
  - BMPageViewController
  - ConvenienceKit
  - FBSDKCoreKit
  - FBSDKLoginKit
  - GooglePlacesAutocomplete
  - JLPDFGenerator
  - Parse
  - ParseFacebookUtils
  - ParseUI
  - PaymentKit
  - PBJVision
  - Stripe
  - Stripe/ApplePay

SPEC CHECKSUMS:
  BMPageViewController: dd373e2459e982b120638268ff1665eb6b412ad7
  Bolts: d176cb1e0012175589e389a9db49b85e27787576
  ConvenienceKit: 947032f82c3d419d107e0cbde1fcb725e9c7ed62
  Facebook-iOS-SDK: cd87f0b2f0c1d9574b44e8fa2baacc275524bac3
  FBSDKCoreKit: 75bdd75c980e811db218488d99dd93b7740f4474
  FBSDKLoginKit: 02a9254a4c132412fa03577b0d53e936d068a7fb
  GooglePlacesAutocomplete: 7694636fce561c9d8ac807b8e490d299a730a633
  JLPDFGenerator: c030d93a1371f2d16e385d44a0a1ebc0ae68003d
  Parse: 373adbb1ad2e34d383542c3b28f678c49ebe4881
  ParseFacebookUtils: 008a24dc35884519ed6a6750648beb5149f1fad9
  ParseUI: d1228541b02a36a7354c8f47747f5f7a89cf1ff0
  PaymentKit: 323c25233af5060880daa0c31366d4b688c34487
  PBJVision: fe43c9a58bb1c1277d16fd802fa836d25e034a45
  Stripe: 7689b0065d0f2da3249582eada12bf1529bed2d0

COCOAPODS: 0.38.2
